
Microsoft Visual Studio Solution File, Format Version 12.00
# Visual Studio Version 16
VisualStudioVersion = 17.0.31611.283
MinimumVisualStudioVersion = 10.0.40219.1
Project("{FAE04EC0-301F-11D3-BF4B-00C04F79EFBC}") = "Laba2", "Laba2\Laba2.csproj", "{11C18742-A639-46C9-A6E1-7D2B654976AD}"
EndProject
Project("{FAE04EC0-301F-11D3-BF4B-00C04F79EFBC}") = "Laba1", "Laba1\Laba1.csproj", "{89611851-1EBE-4AF8-950C-F7A83C9AB627}"
EndProject
Global
	GlobalSection(SolutionConfigurationPlatforms) = preSolution
		Debug|Any CPU = Debug|Any CPU
		Release|Any CPU = Release|Any CPU
	EndGlobalSection
	GlobalSection(ProjectConfigurationPlatforms) = postSolution
		{11C18742-A639-46C9-A6E1-7D2B654976AD}.Debug|Any CPU.ActiveCfg = Debug|Any CPU
		{11C18742-A639-46C9-A6E1-7D2B654976AD}.Debug|Any CPU.Build.0 = Debug|Any CPU
		{11C18742-A639-46C9-A6E1-7D2B654976AD}.Release|Any CPU.ActiveCfg = Release|Any CPU
		{11C18742-A639-46C9-A6E1-7D2B654976AD}.Release|Any CPU.Build.0 = Release|Any CPU
		{89611851-1EBE-4AF8-950C-F7A83C9AB627}.Debug|Any CPU.ActiveCfg = Debug|Any CPU
		{89611851-1EBE-4AF8-950C-F7A83C9AB627}.Debug|Any CPU.Build.0 = Debug|Any CPU
		{89611851-1EBE-4AF8-950C-F7A83C9AB627}.Release|Any CPU.ActiveCfg = Release|Any CPU
		{89611851-1EBE-4AF8-950C-F7A83C9AB627}.Release|Any CPU.Build.0 = Release|Any CPU
	EndGlobalSection
	GlobalSection(SolutionProperties) = preSolution
		HideSolutionNode = FALSE
	EndGlobalSection
	GlobalSection(ExtensibilityGlobals) = postSolution
		SolutionGuid = {61F7FB11-1E47-470C-91E2-47F8143E1572}
	EndGlobalSection
EndGlobal
